
Microsoft Visual Studio Solution File, Format Version 12.00
# Visual Studio Version 17
VisualStudioVersion = 17.14.36414.22 d17.14
MinimumVisualStudioVersion = 10.0.40219.1
Project("{FAE04EC0-301F-11D3-BF4B-00C04F79EFBC}") = "lab7", "lab7\lab7.csproj", "{54EEE793-F18A-4622-82C3-D4D4204EF918}"
EndProject
Global
	GlobalSection(SolutionConfigurationPlatforms) = preSolution
		Debug|Any CPU = Debug|Any CPU
		Release|Any CPU = Release|Any CPU
	EndGlobalSection
	GlobalSection(ProjectConfigurationPlatforms) = postSolution
		{54EEE793-F18A-4622-82C3-D4D4204EF918}.Debug|Any CPU.ActiveCfg = Debug|Any CPU
		{54EEE793-F18A-4622-82C3-D4D4204EF918}.Debug|Any CPU.Build.0 = Debug|Any CPU
		{54EEE793-F18A-4622-82C3-D4D4204EF918}.Release|Any CPU.ActiveCfg = Release|Any CPU
		{54EEE793-F18A-4622-82C3-D4D4204EF918}.Release|Any CPU.Build.0 = Release|Any CPU
	EndGlobalSection
	GlobalSection(SolutionProperties) = preSolution
		HideSolutionNode = FALSE
	EndGlobalSection
	GlobalSection(ExtensibilityGlobals) = postSolution
		SolutionGuid = {D035BE6D-5547-47F1-8974-C374DEEAD5F1}
	EndGlobalSection
EndGlobal
